
Microsoft Visual Studio Solution File, Format Version 12.00
# Visual Studio Version 16
VisualStudioVersion = 16.0.31205.134
MinimumVisualStudioVersion = 10.0.40219.1
Project("{FAE04EC0-301F-11D3-BF4B-00C04F79EFBC}") = "algorithms-lesson7", "algorithms-lesson7\algorithms-lesson7.csproj", "{0196FF74-D27B-4E2D-82B0-74258A9E1E97}"
EndProject
Global
	GlobalSection(SolutionConfigurationPlatforms) = preSolution
		Debug|Any CPU = Debug|Any CPU
		Release|Any CPU = Release|Any CPU
	EndGlobalSection
	GlobalSection(ProjectConfigurationPlatforms) = postSolution
		{0196FF74-D27B-4E2D-82B0-74258A9E1E97}.Debug|Any CPU.ActiveCfg = Debug|Any CPU
		{0196FF74-D27B-4E2D-82B0-74258A9E1E97}.Debug|Any CPU.Build.0 = Debug|Any CPU
		{0196FF74-D27B-4E2D-82B0-74258A9E1E97}.Release|Any CPU.ActiveCfg = Release|Any CPU
		{0196FF74-D27B-4E2D-82B0-74258A9E1E97}.Release|Any CPU.Build.0 = Release|Any CPU
	EndGlobalSection
	GlobalSection(SolutionProperties) = preSolution
		HideSolutionNode = FALSE
	EndGlobalSection
	GlobalSection(ExtensibilityGlobals) = postSolution
		SolutionGuid = {3EE8B944-8788-408F-901F-89F8C656D252}
	EndGlobalSection
EndGlobal
